// !$*UTF8*$!
{
	archiveVersion = 1;
	classes = {
	};
	objectVersion = 50;
	objects = {

/* Begin PBXBuildFile section */
		582E294320F83A9800BFD0F8 /* AppDelegate.swift in Sources */ = {isa = PBXBuildFile; fileRef = 582E294220F83A9800BFD0F8 /* AppDelegate.swift */; };
		582E294520F83A9900BFD0F8 /* ViewController.swift in Sources */ = {isa = PBXBuildFile; fileRef = 582E294420F83A9900BFD0F8 /* ViewController.swift */; };
		582E294820F83A9900BFD0F8 /* Main.storyboard in Resources */ = {isa = PBXBuildFile; fileRef = 582E294620F83A9900BFD0F8 /* Main.storyboard */; };
		582E294A20F83A9A00BFD0F8 /* Assets.xcassets in Resources */ = {isa = PBXBuildFile; fileRef = 582E294920F83A9A00BFD0F8 /* Assets.xcassets */; };
		582E294D20F83A9A00BFD0F8 /* LaunchScreen.storyboard in Resources */ = {isa = PBXBuildFile; fileRef = 582E294B20F83A9A00BFD0F8 /* LaunchScreen.storyboard */; };
		582E295820F83A9A00BFD0F8 /* QuizStarterEnhancedTests.swift in Sources */ = {isa = PBXBuildFile; fileRef = 582E295720F83A9A00BFD0F8 /* QuizStarterEnhancedTests.swift */; };
		582E296320F83A9A00BFD0F8 /* QuizStarterEnhancedUITests.swift in Sources */ = {isa = PBXBuildFile; fileRef = 582E296220F83A9A00BFD0F8 /* QuizStarterEnhancedUITests.swift */; };
		582E297120F83BE000BFD0F8 /* QuestionsAnswers.swift in Sources */ = {isa = PBXBuildFile; fileRef = 582E297020F83BE000BFD0F8 /* QuestionsAnswers.swift */; };
/* End PBXBuildFile section */

/* Begin PBXContainerItemProxy section */
		582E295420F83A9A00BFD0F8 /* PBXContainerItemProxy */ = {
			isa = PBXContainerItemProxy;
			containerPortal = 582E293720F83A9800BFD0F8 /* Project object */;
			proxyType = 1;
			remoteGlobalIDString = 582E293E20F83A9800BFD0F8;
			remoteInfo = QuizStarterEnhanced;
		};
		582E295F20F83A9A00BFD0F8 /* PBXContainerItemProxy */ = {
			isa = PBXContainerItemProxy;
			containerPortal = 582E293720F83A9800BFD0F8 /* Project object */;
			proxyType = 1;
			remoteGlobalIDString = 582E293E20F83A9800BFD0F8;
			remoteInfo = QuizStarterEnhanced;
		};
/* End PBXContainerItemProxy section */

/* Begin PBXFileReference section */
		582E293F20F83A9800BFD0F8 /* QuizStarterEnhanced.app */ = {isa = PBXFileReference; explicitFileType = wrapper.application; includeInIndex = 0; path = QuizStarterEnhanced.app; sourceTree = BUILT_PRODUCTS_DIR; };
		582E294220F83A9800BFD0F8 /* AppDelegate.swift */ = {isa = PBXFileReference; lastKnownFileType = sourcecode.swift; path = AppDelegate.swift; sourceTree = "<group>"; };
		582E294420F83A9900BFD0F8 /* ViewController.swift */ = {isa = PBXFileReference; lastKnownFileType = sourcecode.swift; path = ViewController.swift; sourceTree = "<group>"; };
		582E294720F83A9900BFD0F8 /* Base */ = {isa = PBXFileReference; lastKnownFileType = file.storyboard; name = Base; path = Base.lproj/Main.storyboard; sourceTree = "<group>"; };
		582E294920F83A9A00BFD0F8 /* Assets.xcassets */ = {isa = PBXFileReference; lastKnownFileType = folder.assetcatalog; path = Assets.xcassets; sourceTree = "<group>"; };
		582E294C20F83A9A00BFD0F8 /* Base */ = {isa = PBXFileReference; lastKnownFileType = file.storyboard; name = Base; path = Base.lproj/LaunchScreen.storyboard; sourceTree = "<group>"; };
		582E294E20F83A9A00BFD0F8 /* Info.plist */ = {isa = PBXFileReference; lastKnownFileType = text.plist.xml; path = Info.plist; sourceTree = "<group>"; };
		582E295320F83A9A00BFD0F8 /* QuizStarterEnhancedTests.xctest */ = {isa = PBXFileReference; explicitFileType = wrapper.cfbundle; includeInIndex = 0; path = QuizStarterEnhancedTests.xctest; sourceTree = BUILT_PRODUCTS_DIR; };
		582E295720F83A9A00BFD0F8 /* QuizStarterEnhancedTests.swift */ = {isa = PBXFileReference; lastKnownFileType = sourcecode.swift; path = QuizStarterEnhancedTests.swift; sourceTree = "<group>"; };
		582E295920F83A9A00BFD0F8 /* Info.plist */ = {isa = PBXFileReference; lastKnownFileType = text.plist.xml; path = Info.plist; sourceTree = "<group>"; };
		582E295E20F83A9A00BFD0F8 /* QuizStarterEnhancedUITests.xctest */ = {isa = PBXFileReference; explicitFileType = wrapper.cfbundle; includeInIndex = 0; path = QuizStarterEnhancedUITests.xctest; sourceTree = BUILT_PRODUCTS_DIR; };
		582E296220F83A9A00BFD0F8 /* QuizStarterEnhancedUITests.swift */ = {isa = PBXFileReference; lastKnownFileType = sourcecode.swift; path = QuizStarterEnhancedUITests.swift; sourceTree = "<group>"; };
		582E296420F83A9A00BFD0F8 /* Info.plist */ = {isa = PBXFileReference; lastKnownFileType = text.plist.xml; path = Info.plist; sourceTree = "<group>"; };
		582E297020F83BE000BFD0F8 /* QuestionsAnswers.swift */ = {isa = PBXFileReference; lastKnownFileType = sourcecode.swift; path = QuestionsAnswers.swift; sourceTree = "<group>"; };
/* End PBXFileReference section */

/* Begin PBXFrameworksBuildPhase section */
		582E293C20F83A9800BFD0F8 /* Frameworks */ = {
			isa = PBXFrameworksBuildPhase;
			buildActionMask = 2147483647;
			files = (
			);
			runOnlyForDeploymentPostprocessing = 0;
		};
		582E295020F83A9A00BFD0F8 /* Frameworks */ = {
			isa = PBXFrameworksBuildPhase;
			buildActionMask = 2147483647;
			files = (
			);
			runOnlyForDeploymentPostprocessing = 0;
		};
		582E295B20F83A9A00BFD0F8 /* Frameworks */ = {
			isa = PBXFrameworksBuildPhase;
			buildActionMask = 2147483647;
			files = (
			);
			runOnlyForDeploymentPostprocessing = 0;
		};
/* End PBXFrameworksBuildPhase section */

/* Begin PBXGroup section */
		582E293620F83A9800BFD0F8 = {
			isa = PBXGroup;
			children = (
				582E294120F83A9800BFD0F8 /* QuizStarterEnhanced */,
				582E295620F83A9A00BFD0F8 /* QuizStarterEnhancedTests */,
				582E296120F83A9A00BFD0F8 /* QuizStarterEnhancedUITests */,
				582E294020F83A9800BFD0F8 /* Products */,
			);
			sourceTree = "<group>";
		};
		582E294020F83A9800BFD0F8 /* Products */ = {
			isa = PBXGroup;
			children = (
				582E293F20F83A9800BFD0F8 /* QuizStarterEnhanced.app */,
				582E295320F83A9A00BFD0F8 /* QuizStarterEnhancedTests.xctest */,
				582E295E20F83A9A00BFD0F8 /* QuizStarterEnhancedUITests.xctest */,
			);
			name = Products;
			sourceTree = "<group>";
		};
		582E294120F83A9800BFD0F8 /* QuizStarterEnhanced */ = {
			isa = PBXGroup;
			children = (
				582E294220F83A9800BFD0F8 /* AppDelegate.swift */,
				582E294420F83A9900BFD0F8 /* ViewController.swift */,
				582E294620F83A9900BFD0F8 /* Main.storyboard */,
				582E294920F83A9A00BFD0F8 /* Assets.xcassets */,
				582E294B20F83A9A00BFD0F8 /* LaunchScreen.storyboard */,
				582E294E20F83A9A00BFD0F8 /* Info.plist */,
				582E297020F83BE000BFD0F8 /* QuestionsAnswers.swift */,
			);
			path = QuizStarterEnhanced;
			sourceTree = "<group>";
		};
		582E295620F83A9A00BFD0F8 /* QuizStarterEnhancedTests */ = {
			isa = PBXGroup;
			children = (
				582E295720F83A9A00BFD0F8 /* QuizStarterEnhancedTests.swift */,
				582E295920F83A9A00BFD0F8 /* Info.plist */,
			);
			path = QuizStarterEnhancedTests;
			sourceTree = "<group>";
		};
		582E296120F83A9A00BFD0F8 /* QuizStarterEnhancedUITests */ = {
			isa = PBXGroup;
			children = (
				582E296220F83A9A00BFD0F8 /* QuizStarterEnhancedUITests.swift */,
				582E296420F83A9A00BFD0F8 /* Info.plist */,
			);
			path = QuizStarterEnhancedUITests;
			sourceTree = "<group>";
		};
/* End PBXGroup section */

/* Begin PBXNativeTarget section */
		582E293E20F83A9800BFD0F8 /* QuizStarterEnhanced */ = {
			isa = PBXNativeTarget;
			buildConfigurationList = 582E296720F83A9A00BFD0F8 /* Build configuration list for PBXNativeTarget "QuizStarterEnhanced" */;
			buildPhases = (
				582E293B20F83A9800BFD0F8 /* Sources */,
				582E293C20F83A9800BFD0F8 /* Frameworks */,
				582E293D20F83A9800BFD0F8 /* Resources */,
			);
			buildRules = (
			);
			dependencies = (
			);
			name = QuizStarterEnhanced;
			productName = QuizStarterEnhanced;
			productReference = 582E293F20F83A9800BFD0F8 /* QuizStarterEnhanced.app */;
			productType = "com.apple.product-type.application";
		};
		582E295220F83A9A00BFD0F8 /* QuizStarterEnhancedTests */ = {
			isa = PBXNativeTarget;
			buildConfigurationList = 582E296A20F83A9A00BFD0F8 /* Build configuration list for PBXNativeTarget "QuizStarterEnhancedTests" */;
			buildPhases = (
				582E294F20F83A9A00BFD0F8 /* Sources */,
				582E295020F83A9A00BFD0F8 /* Frameworks */,
				582E295120F83A9A00BFD0F8 /* Resources */,
			);
			buildRules = (
			);
			dependencies = (
				582E295520F83A9A00BFD0F8 /* PBXTargetDependency */,
			);
			name = QuizStarterEnhancedTests;
			productName = QuizStarterEnhancedTests;
			productReference = 582E295320F83A9A00BFD0F8 /* QuizStarterEnhancedTests.xctest */;
			productType = "com.apple.product-type.bundle.unit-test";
		};
		582E295D20F83A9A00BFD0F8 /* QuizStarterEnhancedUITests */ = {
			isa = PBXNativeTarget;
			buildConfigurationList = 582E296D20F83A9A00BFD0F8 /* Build configuration list for PBXNativeTarget "QuizStarterEnhancedUITests" */;
			buildPhases = (
				582E295A20F83A9A00BFD0F8 /* Sources */,
				582E295B20F83A9A00BFD0F8 /* Frameworks */,
				582E295C20F83A9A00BFD0F8 /* Resources */,
			);
			buildRules = (
			);
			dependencies = (
				582E296020F83A9A00BFD0F8 /* PBXTargetDependency */,
			);
			name = QuizStarterEnhancedUITests;
			productName = QuizStarterEnhancedUITests;
			productReference = 582E295E20F83A9A00BFD0F8 /* QuizStarterEnhancedUITests.xctest */;
			productType = "com.apple.product-type.bundle.ui-testing";
		};
/* End PBXNativeTarget section */

/* Begin PBXProject section */
		582E293720F83A9800BFD0F8 /* Project object */ = {
			isa = PBXProject;
			attributes = {
				LastSwiftUpdateCheck = 0940;
				LastUpgradeCheck = 0940;
				ORGANIZATIONNAME = "Brandon&Joey";
				TargetAttributes = {
					582E293E20F83A9800BFD0F8 = {
						CreatedOnToolsVersion = 9.4.1;
					};
					582E295220F83A9A00BFD0F8 = {
						CreatedOnToolsVersion = 9.4.1;
						TestTargetID = 582E293E20F83A9800BFD0F8;
					};
					582E295D20F83A9A00BFD0F8 = {
						CreatedOnToolsVersion = 9.4.1;
						TestTargetID = 582E293E20F83A9800BFD0F8;
					};
				};
			};
			buildConfigurationList = 582E293A20F83A9800BFD0F8 /* Build configuration list for PBXProject "QuizStarterEnhanced" */;
			compatibilityVersion = "Xcode 9.3";
			developmentRegion = en;
			hasScannedForEncodings = 0;
			knownRegions = (
				en,
				Base,
			);
			mainGroup = 582E293620F83A9800BFD0F8;
			productRefGroup = 582E294020F83A9800BFD0F8 /* Products */;
			projectDirPath = "";
			projectRoot = "";
			targets = (
				582E293E20F83A9800BFD0F8 /* QuizStarterEnhanced */,
				582E295220F83A9A00BFD0F8 /* QuizStarterEnhancedTests */,
				582E295D20F83A9A00BFD0F8 /* QuizStarterEnhancedUITests */,
			);
		};
/* End PBXProject section */

/* Begin PBXResourcesBuildPhase section */
		582E293D20F83A9800BFD0F8 /* Resources */ = {
			isa = PBXResourcesBuildPhase;
			buildActionMask = 2147483647;
			files = (
				582E294D20F83A9A00BFD0F8 /* LaunchScreen.storyboard in Resources */,
				582E294A20F83A9A00BFD0F8 /* Assets.xcassets in Resources */,
				582E294820F83A9900BFD0F8 /* Main.storyboard in Resources */,
			);
			runOnlyForDeploymentPostprocessing = 0;
		};
		582E295120F83A9A00BFD0F8 /* Resources */ = {
			isa = PBXResourcesBuildPhase;
			buildActionMask = 2147483647;
			files = (
			);
			runOnlyForDeploymentPostprocessing = 0;
		};
		582E295C20F83A9A00BFD0F8 /* Resources */ = {
			isa = PBXResourcesBuildPhase;
			buildActionMask = 2147483647;
			files = (
			);
			runOnlyForDeploymentPostprocessing = 0;
		};
/* End PBXResourcesBuildPhase section */

/* Begin PBXSourcesBuildPhase section */
		582E293B20F83A9800BFD0F8 /* Sources */ = {
			isa = PBXSourcesBuildPhase;
			buildActionMask = 2147483647;
			files = (
				582E294520F83A9900BFD0F8 /* ViewController.swift in Sources */,
				582E294320F83A9800BFD0F8 /* AppDelegate.swift in Sources */,
				582E297120F83BE000BFD0F8 /* QuestionsAnswers.swift in Sources */,
			);
			runOnlyForDeploymentPostprocessing = 0;
		};
		582E294F20F83A9A00BFD0F8 /* Sources */ = {
			isa = PBXSourcesBuildPhase;
			buildActionMask = 2147483647;
			files = (
				582E295820F83A9A00BFD0F8 /* QuizStarterEnhancedTests.swift in Sources */,
			);
			runOnlyForDeploymentPostprocessing = 0;
		};
		582E295A20F83A9A00BFD0F8 /* Sources */ = {
			isa = PBXSourcesBuildPhase;
			buildActionMask = 2147483647;
			files = (
				582E296320F83A9A00BFD0F8 /* QuizStarterEnhancedUITests.swift in Sources */,
			);
			runOnlyForDeploymentPostprocessing = 0;
		};
/* End PBXSourcesBuildPhase section */

/* Begin PBXTargetDependency section */
		582E295520F83A9A00BFD0F8 /* PBXTargetDependency */ = {
			isa = PBXTargetDependency;
			target = 582E293E20F83A9800BFD0F8 /* QuizStarterEnhanced */;
			targetProxy = 582E295420F83A9A00BFD0F8 /* PBXContainerItemProxy */;
		};
		582E296020F83A9A00BFD0F8 /* PBXTargetDependency */ = {
			isa = PBXTargetDependency;
			target = 582E293E20F83A9800BFD0F8 /* QuizStarterEnhanced */;
			targetProxy = 582E295F20F83A9A00BFD0F8 /* PBXContainerItemProxy */;
		};
/* End PBXTargetDependency section */

/* Begin PBXVariantGroup section */
		582E294620F83A9900BFD0F8 /* Main.storyboard */ = {
			isa = PBXVariantGroup;
			children = (
				582E294720F83A9900BFD0F8 /* Base */,
			);
			name = Main.storyboard;
			sourceTree = "<group>";
		};
		582E294B20F83A9A00BFD0F8 /* LaunchScreen.storyboard */ = {
			isa = PBXVariantGroup;
			children = (
				582E294C20F83A9A00BFD0F8 /* Base */,
			);
			name = LaunchScreen.storyboard;
			sourceTree = "<group>";
		};
/* End PBXVariantGroup section */

/* Begin XCBuildConfiguration section */
		582E296520F83A9A00BFD0F8 /* Debug */ = {
			isa = XCBuildConfiguration;
			buildSettings = {
				ALWAYS_SEARCH_USER_PATHS = NO;
				CLANG_ANALYZER_NONNULL = YES;
				CLANG_ANALYZER_NUMBER_OBJECT_CONVERSION = YES_AGGRESSIVE;
				CLANG_CXX_LANGUAGE_STANDARD = "gnu++14";
				CLANG_CXX_LIBRARY = "libc++";
				CLANG_ENABLE_MODULES = YES;
				CLANG_ENABLE_OBJC_ARC = YES;
				CLANG_ENABLE_OBJC_WEAK = YES;
				CLANG_WARN_BLOCK_CAPTURE_AUTORELEASING = YES;
				CLANG_WARN_BOOL_CONVERSION = YES;
				CLANG_WARN_COMMA = YES;
				CLANG_WARN_CONSTANT_CONVERSION = YES;
				CLANG_WARN_DEPRECATED_OBJC_IMPLEMENTATIONS = YES;
				CLANG_WARN_DIRECT_OBJC_ISA_USAGE = YES_ERROR;
				CLANG_WARN_DOCUMENTATION_COMMENTS = YES;
				CLANG_WARN_EMPTY_BODY = YES;
				CLANG_WARN_ENUM_CONVERSION = YES;
				CLANG_WARN_INFINITE_RECURSION = YES;
				CLANG_WARN_INT_CONVERSION = YES;
				CLANG_WARN_NON_LITERAL_NULL_CONVERSION = YES;
				CLANG_WARN_OBJC_IMPLICIT_RETAIN_SELF = YES;
				CLANG_WARN_OBJC_LITERAL_CONVERSION = YES;
				CLANG_WARN_OBJC_ROOT_CLASS = YES_ERROR;
				CLANG_WARN_RANGE_LOOP_ANALYSIS = YES;
				CLANG_WARN_STRICT_PROTOTYPES = YES;
				CLANG_WARN_SUSPICIOUS_MOVE = YES;
				CLANG_WARN_UNGUARDED_AVAILABILITY = YES_AGGRESSIVE;
				CLANG_WARN_UNREACHABLE_CODE = YES;
				CLANG_WARN__DUPLICATE_METHOD_MATCH = YES;
				CODE_SIGN_IDENTITY = "iPhone Developer";
				COPY_PHASE_STRIP = NO;
				DEBUG_INFORMATION_FORMAT = dwarf;
				ENABLE_STRICT_OBJC_MSGSEND = YES;
				ENABLE_TESTABILITY = YES;
				GCC_C_LANGUAGE_STANDARD = gnu11;
				GCC_DYNAMIC_NO_PIC = NO;
				GCC_NO_COMMON_BLOCKS = YES;
				GCC_OPTIMIZATION_LEVEL = 0;
				GCC_PREPROCESSOR_DEFINITIONS = (
					"DEBUG=1",
					"$(inherited)",
				);
				GCC_WARN_64_TO_32_BIT_CONVERSION = YES;
				GCC_WARN_ABOUT_RETURN_TYPE = YES_ERROR;
				GCC_WARN_UNDECLARED_SELECTOR = YES;
				GCC_WARN_UNINITIALIZED_AUTOS = YES_AGGRESSIVE;
				GCC_WARN_UNUSED_FUNCTION = YES;
				GCC_WARN_UNUSED_VARIABLE = YES;
				IPHONEOS_DEPLOYMENT_TARGET = 11.4;
				MTL_ENABLE_DEBUG_INFO = YES;
				ONLY_ACTIVE_ARCH = YES;
				SDKROOT = iphoneos;
				SWIFT_ACTIVE_COMPILATION_CONDITIONS = DEBUG;
				SWIFT_OPTIMIZATION_LEVEL = "-Onone";
			};
			name = Debug;
		};
		582E296620F83A9A00BFD0F8 /* Release */ = {
			isa = XCBuildConfiguration;
			buildSettings = {
				ALWAYS_SEARCH_USER_PATHS = NO;
				CLANG_ANALYZER_NONNULL = YES;
				CLANG_ANALYZER_NUMBER_OBJECT_CONVERSION = YES_AGGRESSIVE;
				CLANG_CXX_LANGUAGE_STANDARD = "gnu++14";
				CLANG_CXX_LIBRARY = "libc++";
				CLANG_ENABLE_MODULES = YES;
				CLANG_ENABLE_OBJC_ARC = YES;
				CLANG_ENABLE_OBJC_WEAK = YES;
				CLANG_WARN_BLOCK_CAPTURE_AUTORELEASING = YES;
				CLANG_WARN_BOOL_CONVERSION = YES;
				CLANG_WARN_COMMA = YES;
				CLANG_WARN_CONSTANT_CONVERSION = YES;
				CLANG_WARN_DEPRECATED_OBJC_IMPLEMENTATIONS = YES;
				CLANG_WARN_DIRECT_OBJC_ISA_USAGE = YES_ERROR;
				CLANG_WARN_DOCUMENTATION_COMMENTS = YES;
				CLANG_WARN_EMPTY_BODY = YES;
				CLANG_WARN_ENUM_CONVERSION = YES;
				CLANG_WARN_INFINITE_RECURSION = YES;
				CLANG_WARN_INT_CONVERSION = YES;
				CLANG_WARN_NON_LITERAL_NULL_CONVERSION = YES;
				CLANG_WARN_OBJC_IMPLICIT_RETAIN_SELF = YES;
				CLANG_WARN_OBJC_LITERAL_CONVERSION = YES;
				CLANG_WARN_OBJC_ROOT_CLASS = YES_ERROR;
				CLANG_WARN_RANGE_LOOP_ANALYSIS = YES;
				CLANG_WARN_STRICT_PROTOTYPES = YES;
				CLANG_WARN_SUSPICIOUS_MOVE = YES;
				CLANG_WARN_UNGUARDED_AVAILABILITY = YES_AGGRESSIVE;
				CLANG_WARN_UNREACHABLE_CODE = YES;
				CLANG_WARN__DUPLICATE_METHOD_MATCH = YES;
				CODE_SIGN_IDENTITY = "iPhone Developer";
				COPY_PHASE_STRIP = NO;
				DEBUG_INFORMATION_FORMAT = "dwarf-with-dsym";
				ENABLE_NS_ASSERTIONS = NO;
				ENABLE_STRICT_OBJC_MSGSEND = YES;
				GCC_C_LANGUAGE_STANDARD = gnu11;
				GCC_NO_COMMON_BLOCKS = YES;
				GCC_WARN_64_TO_32_BIT_CONVERSION = YES;
				GCC_WARN_ABOUT_RETURN_TYPE = YES_ERROR;
				GCC_WARN_UNDECLARED_SELECTOR = YES;
				GCC_WARN_UNINITIALIZED_AUTOS = YES_AGGRESSIVE;
				GCC_WARN_UNUSED_FUNCTION = YES;
				GCC_WARN_UNUSED_VARIABLE = YES;
				IPHONEOS_DEPLOYMENT_TARGET = 11.4;
				MTL_ENABLE_DEBUG_INFO = NO;
				SDKROOT = iphoneos;
				SWIFT_COMPILATION_MODE = wholemodule;
				SWIFT_OPTIMIZATION_LEVEL = "-O";
				VALIDATE_PRODUCT = YES;
			};
			name = Release;
		};
		582E296820F83A9A00BFD0F8 /* Debug */ = {
			isa = XCBuildConfiguration;
			buildSettings = {
				ASSETCATALOG_COMPILER_APPICON_NAME = AppIcon;
				CODE_SIGN_STYLE = Automatic;
				INFOPLIST_FILE = QuizStarterEnhanced/Info.plist;
				LD_RUNPATH_SEARCH_PATHS = (
					"$(inherited)",
					"@executable_path/Frameworks",
				);
				PRODUCT_BUNDLE_IDENTIFIER = com.brandonandjoey.QuizStarterEnhanced;
				PRODUCT_NAME = "$(TARGET_NAME)";
				SWIFT_VERSION = 4.0;
				TARGETED_DEVICE_FAMILY = "1,2";
			};
			name = Debug;
		};
		582E296920F83A9A00BFD0F8 /* Release */ = {
			isa = XCBuildConfiguration;
			buildSettings = {
				ASSETCATALOG_COMPILER_APPICON_NAME = AppIcon;
				CODE_SIGN_STYLE = Automatic;
				INFOPLIST_FILE = QuizStarterEnhanced/Info.plist;
				LD_RUNPATH_SEARCH_PATHS = (
					"$(inherited)",
					"@executable_path/Frameworks",
				);
				PRODUCT_BUNDLE_IDENTIFIER = com.brandonandjoey.QuizStarterEnhanced;
				PRODUCT_NAME = "$(TARGET_NAME)";
				SWIFT_VERSION = 4.0;
				TARGETED_DEVICE_FAMILY = "1,2";
			};
			name = Release;
		};
		582E296B20F83A9A00BFD0F8 /* Debug */ = {
			isa = XCBuildConfiguration;
			buildSettings = {
				ALWAYS_EMBED_SWIFT_STANDARD_LIBRARIES = YES;
				BUNDLE_LOADER = "$(TEST_HOST)";
				CODE_SIGN_STYLE = Automatic;
				INFOPLIST_FILE = QuizStarterEnhancedTests/Info.plist;
				LD_RUNPATH_SEARCH_PATHS = (
					"$(inherited)",
					"@executable_path/Frameworks",
					"@loader_path/Frameworks",
				);
				PRODUCT_BUNDLE_IDENTIFIER = com.brandonandjoey.QuizStarterEnhancedTests;
				PRODUCT_NAME = "$(TARGET_NAME)";
				SWIFT_VERSION = 4.0;
				TARGETED_DEVICE_FAMILY = "1,2";
				TEST_HOST = "$(BUILT_PRODUCTS_DIR)/QuizStarterEnhanced.app/QuizStarterEnhanced";
			};
			name = Debug;
		};
		582E296C20F83A9A00BFD0F8 /* Release */ = {
			isa = XCBuildConfiguration;
			buildSettings = {
				ALWAYS_EMBED_SWIFT_STANDARD_LIBRARIES = YES;
				BUNDLE_LOADER = "$(TEST_HOST)";
				CODE_SIGN_STYLE = Automatic;
				INFOPLIST_FILE = QuizStarterEnhancedTests/Info.plist;
				LD_RUNPATH_SEARCH_PATHS = (
					"$(inherited)",
					"@executable_path/Frameworks",
					"@loader_path/Frameworks",
				);
				PRODUCT_BUNDLE_IDENTIFIER = com.brandonandjoey.QuizStarterEnhancedTests;
				PRODUCT_NAME = "$(TARGET_NAME)";
				SWIFT_VERSION = 4.0;
				TARGETED_DEVICE_FAMILY = "1,2";
				TEST_HOST = "$(BUILT_PRODUCTS_DIR)/QuizStarterEnhanced.app/QuizStarterEnhanced";
			};
			name = Release;
		};
		582E296E20F83A9A00BFD0F8 /* Debug */ = {
			isa = XCBuildConfiguration;
			buildSettings = {
				ALWAYS_EMBED_SWIFT_STANDARD_LIBRARIES = YES;
				CODE_SIGN_STYLE = Automatic;
				INFOPLIST_FILE = QuizStarterEnhancedUITests/Info.plist;
				LD_RUNPATH_SEARCH_PATHS = (
					"$(inherited)",
					"@executable_path/Frameworks",
					"@loader_path/Frameworks",
				);
				PRODUCT_BUNDLE_IDENTIFIER = com.brandonandjoey.QuizStarterEnhancedUITests;
				PRODUCT_NAME = "$(TARGET_NAME)";
				SWIFT_VERSION = 4.0;
				TARGETED_DEVICE_FAMILY = "1,2";
				TEST_TARGET_NAME = QuizStarterEnhanced;
			};
			name = Debug;
		};
		582E296F20F83A9A00BFD0F8 /* Release */ = {
			isa = XCBuildConfiguration;
			buildSettings = {
				ALWAYS_EMBED_SWIFT_STANDARD_LIBRARIES = YES;
				CODE_SIGN_STYLE = Automatic;
				INFOPLIST_FILE = QuizStarterEnhancedUITests/Info.plist;
				LD_RUNPATH_SEARCH_PATHS = (
					"$(inherited)",
					"@executable_path/Frameworks",
					"@loader_path/Frameworks",
				);
				PRODUCT_BUNDLE_IDENTIFIER = com.brandonandjoey.QuizStarterEnhancedUITests;
				PRODUCT_NAME = "$(TARGET_NAME)";
				SWIFT_VERSION = 4.0;
				TARGETED_DEVICE_FAMILY = "1,2";
				TEST_TARGET_NAME = QuizStarterEnhanced;
			};
			name = Release;
		};
/* End XCBuildConfiguration section */

/* Begin XCConfigurationList section */
		582E293A20F83A9800BFD0F8 /* Build configuration list for PBXProject "QuizStarterEnhanced" */ = {
			isa = XCConfigurationList;
			buildConfigurations = (
				582E296520F83A9A00BFD0F8 /* Debug */,
				582E296620F83A9A00BFD0F8 /* Release */,
			);
			defaultConfigurationIsVisible = 0;
			defaultConfigurationName = Release;
		};
		582E296720F83A9A00BFD0F8 /* Build configuration list for PBXNativeTarget "QuizStarterEnhanced" */ = {
			isa = XCConfigurationList;
			buildConfigurations = (
				582E296820F83A9A00BFD0F8 /* Debug */,
				582E296920F83A9A00BFD0F8 /* Release */,
			);
			defaultConfigurationIsVisible = 0;
			defaultConfigurationName = Release;
		};
		582E296A20F83A9A00BFD0F8 /* Build configuration list for PBXNativeTarget "QuizStarterEnhancedTests" */ = {
			isa = XCConfigurationList;
			buildConfigurations = (
				582E296B20F83A9A00BFD0F8 /* Debug */,
				582E296C20F83A9A00BFD0F8 /* Release */,
			);
			defaultConfigurationIsVisible = 0;
			defaultConfigurationName = Release;
		};
		582E296D20F83A9A00BFD0F8 /* Build configuration list for PBXNativeTarget "QuizStarterEnhancedUITests" */ = {
			isa = XCConfigurationList;
			buildConfigurations = (
				582E296E20F83A9A00BFD0F8 /* Debug */,
				582E296F20F83A9A00BFD0F8 /* Release */,
			);
			defaultConfigurationIsVisible = 0;
			defaultConfigurationName = Release;
		};
/* End XCConfigurationList section */
	};
	rootObject = 582E293720F83A9800BFD0F8 /* Project object */;
}
